Microsoft Visual Studio Solution File, Format Version 9.00
# Visual C# Express 2005
Project("{FAE04EC0-301F-11D3-BF4B-00C04F79EFBC}") = "EditableListBox", "EditableListBox.csproj", "{7949CE85-D6BB-4999-9FD1-52CA5E2FBCCC}"
EndProject
Global
	GlobalSection(SolutionConfigurationPlatforms) = preSolution
		Debug|Any CPU = Debug|Any CPU
		Release|Any CPU = Release|Any CPU
	EndGlobalSection
	GlobalSection(ProjectConfigurationPlatforms) = postSolution
		{7949CE85-D6BB-4999-9FD1-52CA5E2FBCCC}.Debug|Any CPU.ActiveCfg = Debug|Any CPU
		{7949CE85-D6BB-4999-9FD1-52CA5E2FBCCC}.Debug|Any CPU.Build.0 = Debug|Any CPU
		{7949CE85-D6BB-4999-9FD1-52CA5E2FBCCC}.Release|Any CPU.ActiveCfg = Release|Any CPU
		{7949CE85-D6BB-4999-9FD1-52CA5E2FBCCC}.Release|Any CPU.Build.0 = Release|Any CPU
	EndGlobalSection
	GlobalSection(SolutionProperties) = preSolution
		HideSolutionNode = FALSE
	EndGlobalSection
EndGlobal
