<?xml version="1.0" encoding="utf-8"?>
<Project ToolsVersion="4.0" xmlns="http://schemas.microsoft.com/developer/msbuild/2003">
  <ItemGroup>
    <Filter Include="Source Files">
      <UniqueIdentifier>{4FC737F1-C7A5-4376-A066-2A32D752A2FF}</UniqueIdentifier>
      <Extensions>cpp;c;cc;cxx;def;odl;idl;hpj;bat;asm;asmx</Extensions>
    </Filter>
    <Filter Include="Header Files">
      <UniqueIdentifier>{93995380-89BD-4b04-88EB-625FBE52EBFB}</UniqueIdentifier>
      <Extensions>h;hh;hpp;hxx;hm;inl;inc;xsd</Extensions>
    </Filter>
    <Filter Include="Resource Files">
      <UniqueIdentifier>{67DA6AB6-F800-4c08-8B7A-83BB121AAD01}</UniqueIdentifier>
      <Extensions>rc;ico;cur;bmp;dlg;rc2;rct;bin;rgs;gif;jpg;jpeg;jpe;resx;tiff;tif;png;wav;mfcribbon-ms</Extensions>
    </Filter>
  </ItemGroup>
  <ItemGroup>
    <Text Include="ReadMe.txt" />
  </ItemGroup>
  <ItemGroup>
    <ClInclude Include="stdafx.h">
      <Filter>Header Files</Filter>
    </ClInclude>
    <ClInclude Include="targetver.h">
      <Filter>Header Files</Filter>
    </ClInclude>
    <ClInclude Include="Programming.h">
      <Filter>Header Files</Filter>
    </ClInclude>
  </ItemGroup>
  <ItemGroup>
    <ClCompile Include="stdafx.cpp">
      <Filter>Source Files</Filter>
    </ClCompile>
    <ClCompile Include="Programming.cpp">
      <Filter>Source Files</Filter>
    </ClCompile>
    <ClCompile Include="advance_through_array.cpp">
      <Filter>Source Files</Filter>
    </ClCompile>
    <ClCompile Include="array_permutation.cpp">
      <Filter>Source Files</Filter>
    </ClCompile>
    <ClCompile Include="array_permutation_inverse.cpp">
      <Filter>Source Files</Filter>
    </ClCompile>
    <ClCompile Include="binary_addition.cpp">
      <Filter>Source Files</Filter>
    </ClCompile>
    <ClCompile Include="binary_parition.cpp">
      <Filter>Source Files</Filter>
    </ClCompile>
    <ClCompile Include="binary_parition_relative_ordering.cpp">
      <Filter>Source Files</Filter>
    </ClCompile>
    <ClCompile Include="buy_and_sell_stocks.cpp">
      <Filter>Source Files</Filter>
    </ClCompile>
    <ClCompile Include="delete_duplicates_sorted_array.cpp">
      <Filter>Source Files</Filter>
    </ClCompile>
    <ClCompile Include="delete_element_from_array.cpp">
      <Filter>Source Files</Filter>
    </ClCompile>
    <ClCompile Include="dutch.cpp">
      <Filter>Source Files</Filter>
    </ClCompile>
    <ClCompile Include="finding_parity.c">
      <Filter>Source Files</Filter>
    </ClCompile>
    <ClCompile Include="four_color_flag.cpp">
      <Filter>Source Files</Filter>
    </ClCompile>
    <ClCompile Include="increment_number.cpp">
      <Filter>Source Files</Filter>
    </ClCompile>
    <ClCompile Include="longest_subarray_with_same_elements.cpp">
      <Filter>Source Files</Filter>
    </ClCompile>
    <ClCompile Include="minimum_steps_advance_through_array.cpp">
      <Filter>Source Files</Filter>
    </ClCompile>
    <ClCompile Include="multiplication_arbitrary.cpp">
      <Filter>Source Files</Filter>
    </ClCompile>
    <ClCompile Include="multiplication_arbitrary_linkedlist.cpp">
      <Filter>Source Files</Filter>
    </ClCompile>
    <ClCompile Include="next_permutation.cpp">
      <Filter>Source Files</Filter>
    </ClCompile>
    <ClCompile Include="print_matrix_spiral.cpp">
      <Filter>Source Files</Filter>
    </ClCompile>
    <ClCompile Include="random_subarray.cpp">
      <Filter>Source Files</Filter>
    </ClCompile>
    <ClCompile Include="runlength_encode.cpp">
      <Filter>Source Files</Filter>
    </ClCompile>
    <ClCompile Include="sudoko_checker.cpp">
      <Filter>Source Files</Filter>
    </ClCompile>
    <ClCompile Include="block_reversal.cpp">
      <Filter>Source Files</Filter>
    </ClCompile>
    <ClCompile Include="closest_numbers_same_number_of_bits.cpp">
      <Filter>Source Files</Filter>
    </ClCompile>
    <ClCompile Include="insert_node.cpp">
      <Filter>Source Files</Filter>
    </ClCompile>
    <ClCompile Include="intersecting_rectangles.cpp">
      <Filter>Source Files</Filter>
    </ClCompile>
    <ClCompile Include="majority.cpp">
      <Filter>Source Files</Filter>
    </ClCompile>
    <ClCompile Include="max_sum_not_adjacent.cpp">
      <Filter>Source Files</Filter>
    </ClCompile>
    <ClCompile Include="mergearrays.cpp">
      <Filter>Source Files</Filter>
    </ClCompile>
    <ClCompile Include="oddnumber.cpp">
      <Filter>Source Files</Filter>
    </ClCompile>
    <ClCompile Include="pair_of_elem_array_sum.cpp">
      <Filter>Source Files</Filter>
    </ClCompile>
    <ClCompile Include="reverse_array.cpp">
      <Filter>Source Files</Filter>
    </ClCompile>
    <ClCompile Include="rotate_array.cpp">
      <Filter>Source Files</Filter>
    </ClCompile>
    <ClCompile Include="validate_isbn.cpp">
      <Filter>Source Files</Filter>
    </ClCompile>
    <ClCompile Include="C++\change_each_char_in_string.cpp">
      <Filter>Source Files</Filter>
    </ClCompile>
    <ClCompile Include="C++\print_each_char_in_string.cpp">
      <Filter>Source Files</Filter>
    </ClCompile>
    <ClCompile Include="C++\print_each_char_in_string_using_subscript.cpp">
      <Filter>Source Files</Filter>
    </ClCompile>
    <ClCompile Include="C++\temp.cpp">
      <Filter>Source Files</Filter>
    </ClCompile>
    <ClCompile Include="C++\string_compare.cpp">
      <Filter>Source Files</Filter>
    </ClCompile>
    <ClCompile Include="C++\using_stmt.cpp">
      <Filter>Source Files</Filter>
    </ClCompile>
  </ItemGroup>
</Project>