
Microsoft Visual Studio Solution File, Format Version 12.00
# Visual Studio 15
VisualStudioVersion = 15.0.27130.2010
MinimumVisualStudioVersion = 10.0.40219.1
Project("{8BC9CEB8-8B4A-11D0-8D11-00A0C91BC942}") = "Calculator", "Calculator\Calculator.vcxproj", "{00547A58-E0BA-41CF-89BD-BCC55BE26449}"
EndProject
Project("{8BC9CEB8-8B4A-11D0-8D11-00A0C91BC942}") = "CalculatorClient", "CalculatorClient\CalculatorClient.vcxproj", "{82BB5540-ADF5-4B76-B198-B2A6F8708841}"
EndProject
Global
	GlobalSection(SolutionConfigurationPlatforms) = preSolution
		Debug|x64 = Debug|x64
		Release|x64 = Release|x64
	EndGlobalSection
	GlobalSection(ProjectConfigurationPlatforms) = postSolution
		{00547A58-E0BA-41CF-89BD-BCC55BE26449}.Debug|x64.ActiveCfg = Debug|x64
		{00547A58-E0BA-41CF-89BD-BCC55BE26449}.Debug|x64.Build.0 = Debug|x64
		{00547A58-E0BA-41CF-89BD-BCC55BE26449}.Release|x64.ActiveCfg = Release|x64
		{00547A58-E0BA-41CF-89BD-BCC55BE26449}.Release|x64.Build.0 = Release|x64
		{82BB5540-ADF5-4B76-B198-B2A6F8708841}.Debug|x64.ActiveCfg = Debug|x64
		{82BB5540-ADF5-4B76-B198-B2A6F8708841}.Debug|x64.Build.0 = Debug|x64
		{82BB5540-ADF5-4B76-B198-B2A6F8708841}.Release|x64.ActiveCfg = Release|x64
		{82BB5540-ADF5-4B76-B198-B2A6F8708841}.Release|x64.Build.0 = Release|x64
	EndGlobalSection
	GlobalSection(SolutionProperties) = preSolution
		HideSolutionNode = FALSE
	EndGlobalSection
	GlobalSection(ExtensibilityGlobals) = postSolution
		SolutionGuid = {5F94DAA3-FE17-46B9-8076-0C0C7BB3455F}
	EndGlobalSection
EndGlobal
